# P50 supply-chain lock for supported GitHub Actions Linux x64 runners.
# Install with: python -m pip install --require-hashes --only-binary=:all: -r requirements.lock
attrs==25.4.0 \
    --hash=sha256:adcf7e2a1fb3b36ac48d97835bb6d8ade15b8dcce26aba8bf1d14847b57a3373
editables==0.5 \
    --hash=sha256:61e5ffa82629e0d8bfe09bc44a07db3c1ab8ed1ce78a6980732870f19b5e7d4c
hatchling==1.27.0 \
    --hash=sha256:d3a2f3567c4f926ea39849cdf924c7e99e6686c9c8e288ae1037c8fa2a5d937b
jsonschema==4.26.0 \
    --hash=sha256:d489f15263b8d200f8387e64b4c3a75f06629559fb73deb8fdfb525f2dab50ce
jsonschema-specifications==2025.9.1 \
    --hash=sha256:98802fee3a11ee76ecaca44429fda8a41bff98b00a0f2838151b113f210cc6fe
packaging==25.0 \
    --hash=sha256:29572ef2b1f17581046b3a2227d5c611fb25ec70ca1ba8554b24b0e69331a484
pathspec==0.12.1 \
    --hash=sha256:a0d503e138a4c123b27490a4f7beda6a01c6f288df0e4a8b79c7eb0dc7b4cc08
pluggy==1.6.0 \
    --hash=sha256:e920276dd6813095e9377c0bc5566d94c932c33b27a3e3945d8389c374dd4746
PyYAML==6.0.3 \
    --hash=sha256:b8bb0864c5a28024fac8a632c443c87c5aa6f215c0b126c449ae1a150412f31d \
    --hash=sha256:ba1cc08a7ccde2d2ec775841541641e4548226580ab850948cbfda66a1befcdc \
    --hash=sha256:0f29edc409a6392443abf94b9cf89ce99889a1dd5376d94316ae5145dfedd5d6
referencing==0.37.0 \
    --hash=sha256:381329a9f99628c9069361716891d34ad94af76e461dcb0335825aecc7692231
rpds-py==0.30.0 \
    --hash=sha256:33f559f3104504506a44bb666b93a33f5d33133765b0c216a5bf2f1e1503af89 \
    --hash=sha256:47f236970bccb2233267d89173d3ad2703cd36a0e2a6e92d0560d333871a3d23 \
    --hash=sha256:9027da1ce107104c50c81383cae773ef5c24d296dd11c99e2629dbd7967a20c6
schema==0.7.8 \
    --hash=sha256:8a7e1b0f230c7d38a1f966c7eeb17f2a75134cad767610619149b1c851ca7da9
trove-classifiers==2025.12.1.14 \
    --hash=sha256:a8206978ede95937b9959c3aff3eb258bbf7b07dff391ddd4ea7e61f316635ab
typing-extensions==4.16.0 \
    --hash=sha256:481caa481374e813c1b176ada14e97f1f67a4539ce9cfeb3f350d78d6370c2e8
